# This file is automatically @generated by Cargo.
# It is not intended for manual editing.
version = 4

[[package]]
name = "egis"
version = "0.1.0-alpha.1"

[[package]]
name = "omnia"
version = "0.1.0-alpha.1"

[[package]]
name = "qasr"
version = "0.1.0-alpha.1"

[[package]]
name = "qwasr"
version = "0.1.0-alpha.1"

[[package]]
name = "tarus"
version = "0.1.0-alpha.1"

[[package]]
name = "vectis"
version = "0.1.0-alpha.1"

[[package]]
name = "yetti"
version = "0.1.0-alpha.1"
