# This file is automatically @generated by Cargo.
# It is not intended for manual editing.
version = 4

[[package]]
name = "emery"
version = "0.1.0-alpha.1"

[[package]]
name = "omnia"
version = "0.1.0-alpha.1"

[[package]]
name = "specify"
version = "0.1.0-alpha.1"

[[package]]
name = "vectis"
version = "0.1.0-alpha.1"
